
Microsoft Visual Studio Solution File, Format Version 12.00
# Visual Studio Version 16
VisualStudioVersion = 16.0.31424.327
MinimumVisualStudioVersion = 10.0.40219.1
Project("{9A19103F-16F7-4668-BE54-9A1E7A4F7556}") = "MyAsyncThread", "MyAsyncThread\MyAsyncThread.csproj", "{3749E1F6-50EB-4BFA-84F8-E11B5D84ACD1}"
EndProject
Project("{FAE04EC0-301F-11D3-BF4B-00C04F79EFBC}") = "WindowsFormsApp1", "WindowsFormsApp1\WindowsFormsApp1.csproj", "{7DBA840B-A643-439D-99FB-C373C3A62827}"
EndProject
Global
	GlobalSection(SolutionConfigurationPlatforms) = preSolution
		Debug|Any CPU = Debug|Any CPU
		Release|Any CPU = Release|Any CPU
	EndGlobalSection
	GlobalSection(ProjectConfigurationPlatforms) = postSolution
		{3749E1F6-50EB-4BFA-84F8-E11B5D84ACD1}.Debug|Any CPU.ActiveCfg = Debug|Any CPU
		{3749E1F6-50EB-4BFA-84F8-E11B5D84ACD1}.Debug|Any CPU.Build.0 = Debug|Any CPU
		{3749E1F6-50EB-4BFA-84F8-E11B5D84ACD1}.Release|Any CPU.ActiveCfg = Release|Any CPU
		{3749E1F6-50EB-4BFA-84F8-E11B5D84ACD1}.Release|Any CPU.Build.0 = Release|Any CPU
		{7DBA840B-A643-439D-99FB-C373C3A62827}.Debug|Any CPU.ActiveCfg = Debug|Any CPU
		{7DBA840B-A643-439D-99FB-C373C3A62827}.Debug|Any CPU.Build.0 = Debug|Any CPU
		{7DBA840B-A643-439D-99FB-C373C3A62827}.Release|Any CPU.ActiveCfg = Release|Any CPU
		{7DBA840B-A643-439D-99FB-C373C3A62827}.Release|Any CPU.Build.0 = Release|Any CPU
	EndGlobalSection
	GlobalSection(SolutionProperties) = preSolution
		HideSolutionNode = FALSE
	EndGlobalSection
	GlobalSection(ExtensibilityGlobals) = postSolution
		SolutionGuid = {CA16FBD5-49B1-463E-9EBC-376F7B45C5CF}
	EndGlobalSection
EndGlobal
